// !$*UTF8*$!
{
	archiveVersion = 1;
	classes = {
	};
	objectVersion = 46;
	objects = {

/* Begin PBXBuildFile section */
		E0FA76571FB1670600F6A313 /* main.m in Sources */ = {isa = PBXBuildFile; fileRef = E0FA76561FB1670600F6A313 /* main.m */; };
		E0FA765A1FB1670600F6A313 /* AppDelegate.m in Sources */ = {isa = PBXBuildFile; fileRef = E0FA76591FB1670600F6A313 /* AppDelegate.m */; };
		E0FA765D1FB1670600F6A313 /* ViewController.m in Sources */ = {isa = PBXBuildFile; fileRef = E0FA765C1FB1670600F6A313 /* ViewController.m */; };
		E0FA76601FB1670600F6A313 /* Main.storyboard in Resources */ = {isa = PBXBuildFile; fileRef = E0FA765E1FB1670600F6A313 /* Main.storyboard */; };
		E0FA76621FB1670600F6A313 /* Assets.xcassets in Resources */ = {isa = PBXBuildFile; fileRef = E0FA76611FB1670600F6A313 /* Assets.xcassets */; };
		E0FA76651FB1670600F6A313 /* LaunchScreen.storyboard in Resources */ = {isa = PBXBuildFile; fileRef = E0FA76631FB1670600F6A313 /* LaunchScreen.storyboard */; };
		E0FA766E1FB1698500F6A313 /* index.html in Resources */ = {isa = PBXBuildFile; fileRef = E0FA766C1FB1698500F6A313 /* index.html */; };
		E0FA766F1FB1698500F6A313 /* www in Resources */ = {isa = PBXBuildFile; fileRef = E0FA766D1FB1698500F6A313 /* www */; };
/* End PBXBuildFile section */

/* Begin PBXFileReference section */
		E0FA76521FB1670600F6A313 /* zoo rescue.app */ = {isa = PBXFileReference; explicitFileType = wrapper.application; includeInIndex = 0; path = "zoo rescue.app"; sourceTree = BUILT_PRODUCTS_DIR; };
		E0FA76561FB1670600F6A313 /* main.m */ = {isa = PBXFileReference; lastKnownFileType = sourcecode.c.objc; path = main.m; sourceTree = "<group>"; };
		E0FA76581FB1670600F6A313 /* AppDelegate.h */ = {isa = PBXFileReference; lastKnownFileType = sourcecode.c.h; path = AppDelegate.h; sourceTree = "<group>"; };
		E0FA76591FB1670600F6A313 /* AppDelegate.m */ = {isa = PBXFileReference; lastKnownFileType = sourcecode.c.objc; path = AppDelegate.m; sourceTree = "<group>"; };
		E0FA765B1FB1670600F6A313 /* ViewController.h */ = {isa = PBXFileReference; lastKnownFileType = sourcecode.c.h; path = ViewController.h; sourceTree = "<group>"; };
		E0FA765C1FB1670600F6A313 /* ViewController.m */ = {isa = PBXFileReference; lastKnownFileType = sourcecode.c.objc; path = ViewController.m; sourceTree = "<group>"; };
		E0FA765F1FB1670600F6A313 /* Base */ = {isa = PBXFileReference; lastKnownFileType = file.storyboard; name = Base; path = Base.lproj/Main.storyboard; sourceTree = "<group>"; };
		E0FA76611FB1670600F6A313 /* Assets.xcassets */ = {isa = PBXFileReference; lastKnownFileType = folder.assetcatalog; path = Assets.xcassets; sourceTree = "<group>"; };
		E0FA76641FB1670600F6A313 /* Base */ = {isa = PBXFileReference; lastKnownFileType = file.storyboard; name = Base; path = Base.lproj/LaunchScreen.storyboard; sourceTree = "<group>"; };
		E0FA76661FB1670600F6A313 /* Info.plist */ = {isa = PBXFileReference; lastKnownFileType = text.plist.xml; path = Info.plist; sourceTree = "<group>"; };
		E0FA766C1FB1698500F6A313 /* index.html */ = {isa = PBXFileReference; fileEncoding = 4; lastKnownFileType = text.html; path = index.html; sourceTree = "<group>"; };
		E0FA766D1FB1698500F6A313 /* www */ = {isa = PBXFileReference; lastKnownFileType = folder; path = www; sourceTree = "<group>"; };
/* End PBXFileReference section */

/* Begin PBXFrameworksBuildPhase section */
		E0FA764F1FB1670600F6A313 /* Frameworks */ = {
			isa = PBXFrameworksBuildPhase;
			buildActionMask = 2147483647;
			files = (
			);
			runOnlyForDeploymentPostprocessing = 0;
		};
/* End PBXFrameworksBuildPhase section */

/* Begin PBXGroup section */
		E0FA76491FB1670600F6A313 = {
			isa = PBXGroup;
			children = (
				E0FA76541FB1670600F6A313 /* zoo rescue */,
				E0FA76531FB1670600F6A313 /* Products */,
			);
			sourceTree = "<group>";
		};
		E0FA76531FB1670600F6A313 /* Products */ = {
			isa = PBXGroup;
			children = (
				E0FA76521FB1670600F6A313 /* zoo rescue.app */,
			);
			name = Products;
			sourceTree = "<group>";
		};
		E0FA76541FB1670600F6A313 /* zoo rescue */ = {
			isa = PBXGroup;
			children = (
				E0FA766C1FB1698500F6A313 /* index.html */,
				E0FA766D1FB1698500F6A313 /* www */,
				E0FA76581FB1670600F6A313 /* AppDelegate.h */,
				E0FA76591FB1670600F6A313 /* AppDelegate.m */,
				E0FA765B1FB1670600F6A313 /* ViewController.h */,
				E0FA765C1FB1670600F6A313 /* ViewController.m */,
				E0FA765E1FB1670600F6A313 /* Main.storyboard */,
				E0FA76611FB1670600F6A313 /* Assets.xcassets */,
				E0FA76631FB1670600F6A313 /* LaunchScreen.storyboard */,
				E0FA76661FB1670600F6A313 /* Info.plist */,
				E0FA76551FB1670600F6A313 /* Supporting Files */,
			);
			path = "zoo rescue";
			sourceTree = "<group>";
		};
		E0FA76551FB1670600F6A313 /* Supporting Files */ = {
			isa = PBXGroup;
			children = (
				E0FA76561FB1670600F6A313 /* main.m */,
			);
			name = "Supporting Files";
			sourceTree = "<group>";
		};
/* End PBXGroup section */

/* Begin PBXNativeTarget section */
		E0FA76511FB1670600F6A313 /* zoo rescue */ = {
			isa = PBXNativeTarget;
			buildConfigurationList = E0FA76691FB1670600F6A313 /* Build configuration list for PBXNativeTarget "zoo rescue" */;
			buildPhases = (
				E0FA764E1FB1670600F6A313 /* Sources */,
				E0FA764F1FB1670600F6A313 /* Frameworks */,
				E0FA76501FB1670600F6A313 /* Resources */,
			);
			buildRules = (
			);
			dependencies = (
			);
			name = "zoo rescue";
			productName = "zoo rescue";
			productReference = E0FA76521FB1670600F6A313 /* zoo rescue.app */;
			productType = "com.apple.product-type.application";
		};
/* End PBXNativeTarget section */

/* Begin PBXProject section */
		E0FA764A1FB1670600F6A313 /* Project object */ = {
			isa = PBXProject;
			attributes = {
				LastUpgradeCheck = 0720;
				ORGANIZATIONNAME = "Jacob Jenne";
				TargetAttributes = {
					E0FA76511FB1670600F6A313 = {
						CreatedOnToolsVersion = 7.2.1;
						DevelopmentTeam = V32WGJJN6U;
					};
				};
			};
			buildConfigurationList = E0FA764D1FB1670600F6A313 /* Build configuration list for PBXProject "zoo rescue" */;
			compatibilityVersion = "Xcode 3.2";
			developmentRegion = English;
			hasScannedForEncodings = 0;
			knownRegions = (
				en,
				Base,
			);
			mainGroup = E0FA76491FB1670600F6A313;
			productRefGroup = E0FA76531FB1670600F6A313 /* Products */;
			projectDirPath = "";
			projectRoot = "";
			targets = (
				E0FA76511FB1670600F6A313 /* zoo rescue */,
			);
		};
/* End PBXProject section */

/* Begin PBXResourcesBuildPhase section */
		E0FA76501FB1670600F6A313 /* Resources */ = {
			isa = PBXResourcesBuildPhase;
			buildActionMask = 2147483647;
			files = (
				E0FA76651FB1670600F6A313 /* LaunchScreen.storyboard in Resources */,
				E0FA766E1FB1698500F6A313 /* index.html in Resources */,
				E0FA76621FB1670600F6A313 /* Assets.xcassets in Resources */,
				E0FA766F1FB1698500F6A313 /* www in Resources */,
				E0FA76601FB1670600F6A313 /* Main.storyboard in Resources */,
			);
			runOnlyForDeploymentPostprocessing = 0;
		};
/* End PBXResourcesBuildPhase section */

/* Begin PBXSourcesBuildPhase section */
		E0FA764E1FB1670600F6A313 /* Sources */ = {
			isa = PBXSourcesBuildPhase;
			buildActionMask = 2147483647;
			files = (
				E0FA765D1FB1670600F6A313 /* ViewController.m in Sources */,
				E0FA765A1FB1670600F6A313 /* AppDelegate.m in Sources */,
				E0FA76571FB1670600F6A313 /* main.m in Sources */,
			);
			runOnlyForDeploymentPostprocessing = 0;
		};
/* End PBXSourcesBuildPhase section */

/* Begin PBXVariantGroup section */
		E0FA765E1FB1670600F6A313 /* Main.storyboard */ = {
			isa = PBXVariantGroup;
			children = (
				E0FA765F1FB1670600F6A313 /* Base */,
			);
			name = Main.storyboard;
			sourceTree = "<group>";
		};
		E0FA76631FB1670600F6A313 /* LaunchScreen.storyboard */ = {
			isa = PBXVariantGroup;
			children = (
				E0FA76641FB1670600F6A313 /* Base */,
			);
			name = LaunchScreen.storyboard;
			sourceTree = "<group>";
		};
/* End PBXVariantGroup section */

/* Begin XCBuildConfiguration section */
		E0FA76671FB1670600F6A313 /* Debug */ = {
			isa = XCBuildConfiguration;
			buildSettings = {
				ALWAYS_SEARCH_USER_PATHS = NO;
				CLANG_CXX_LANGUAGE_STANDARD = "gnu++0x";
				CLANG_CXX_LIBRARY = "libc++";
				CLANG_ENABLE_MODULES = YES;
				CLANG_ENABLE_OBJC_ARC = YES;
				CLANG_WARN_BOOL_CONVERSION = YES;
				CLANG_WARN_CONSTANT_CONVERSION = YES;
				CLANG_WARN_DIRECT_OBJC_ISA_USAGE = YES_ERROR;
				CLANG_WARN_EMPTY_BODY = YES;
				CLANG_WARN_ENUM_CONVERSION = YES;
				CLANG_WARN_INT_CONVERSION = YES;
				CLANG_WARN_OBJC_ROOT_CLASS = YES_ERROR;
				CLANG_WARN_UNREACHABLE_CODE = YES;
				CLANG_WARN__DUPLICATE_METHOD_MATCH = YES;
				"CODE_SIGN_IDENTITY[sdk=iphoneos*]" = "iPhone Developer";
				COPY_PHASE_STRIP = NO;
				DEBUG_INFORMATION_FORMAT = dwarf;
				ENABLE_STRICT_OBJC_MSGSEND = YES;
				ENABLE_TESTABILITY = YES;
				GCC_C_LANGUAGE_STANDARD = gnu99;
				GCC_DYNAMIC_NO_PIC = NO;
				GCC_NO_COMMON_BLOCKS = YES;
				GCC_OPTIMIZATION_LEVEL = 0;
				GCC_PREPROCESSOR_DEFINITIONS = (
					"DEBUG=1",
					"$(inherited)",
				);
				GCC_WARN_64_TO_32_BIT_CONVERSION = YES;
				GCC_WARN_ABOUT_RETURN_TYPE = YES_ERROR;
				GCC_WARN_UNDECLARED_SELECTOR = YES;
				GCC_WARN_UNINITIALIZED_AUTOS = YES_AGGRESSIVE;
				GCC_WARN_UNUSED_FUNCTION = YES;
				GCC_WARN_UNUSED_VARIABLE = YES;
				IPHONEOS_DEPLOYMENT_TARGET = 9.2;
				MTL_ENABLE_DEBUG_INFO = YES;
				ONLY_ACTIVE_ARCH = YES;
				SDKROOT = iphoneos;
				TARGETED_DEVICE_FAMILY = "1,2";
			};
			name = Debug;
		};
		E0FA76681FB1670600F6A313 /* Release */ = {
			isa = XCBuildConfiguration;
			buildSettings = {
				ALWAYS_SEARCH_USER_PATHS = NO;
				CLANG_CXX_LANGUAGE_STANDARD = "gnu++0x";
				CLANG_CXX_LIBRARY = "libc++";
				CLANG_ENABLE_MODULES = YES;
				CLANG_ENABLE_OBJC_ARC = YES;
				CLANG_WARN_BOOL_CONVERSION = YES;
				CLANG_WARN_CONSTANT_CONVERSION = YES;
				CLANG_WARN_DIRECT_OBJC_ISA_USAGE = YES_ERROR;
				CLANG_WARN_EMPTY_BODY = YES;
				CLANG_WARN_ENUM_CONVERSION = YES;
				CLANG_WARN_INT_CONVERSION = YES;
				CLANG_WARN_OBJC_ROOT_CLASS = YES_ERROR;
				CLANG_WARN_UNREACHABLE_CODE = YES;
				CLANG_WARN__DUPLICATE_METHOD_MATCH = YES;
				"CODE_SIGN_IDENTITY[sdk=iphoneos*]" = "iPhone Developer";
				COPY_PHASE_STRIP = NO;
				DEBUG_INFORMATION_FORMAT = "dwarf-with-dsym";
				ENABLE_NS_ASSERTIONS = NO;
				ENABLE_STRICT_OBJC_MSGSEND = YES;
				GCC_C_LANGUAGE_STANDARD = gnu99;
				GCC_NO_COMMON_BLOCKS = YES;
				GCC_WARN_64_TO_32_BIT_CONVERSION = YES;
				GCC_WARN_ABOUT_RETURN_TYPE = YES_ERROR;
				GCC_WARN_UNDECLARED_SELECTOR = YES;
				GCC_WARN_UNINITIALIZED_AUTOS = YES_AGGRESSIVE;
				GCC_WARN_UNUSED_FUNCTION = YES;
				GCC_WARN_UNUSED_VARIABLE = YES;
				IPHONEOS_DEPLOYMENT_TARGET = 9.2;
				MTL_ENABLE_DEBUG_INFO = NO;
				SDKROOT = iphoneos;
				TARGETED_DEVICE_FAMILY = "1,2";
				VALIDATE_PRODUCT = YES;
			};
			name = Release;
		};
		E0FA766A1FB1670600F6A313 /* Debug */ = {
			isa = XCBuildConfiguration;
			buildSettings = {
				ASSETCATALOG_COMPILER_APPICON_NAME = AppIcon;
				CODE_SIGN_IDENTITY = "iPhone Developer";
				"CODE_SIGN_IDENTITY[sdk=iphoneos*]" = "iPhone Developer";
				INFOPLIST_FILE = "zoo rescue/Info.plist";
				LD_RUNPATH_SEARCH_PATHS = "$(inherited) @executable_path/Frameworks";
				PRODUCT_BUNDLE_IDENTIFIER = "floorsix.zoo-rescue";
				PRODUCT_NAME = "$(TARGET_NAME)";
				PROVISIONING_PROFILE = "";
			};
			name = Debug;
		};
		E0FA766B1FB1670600F6A313 /* Release */ = {
			isa = XCBuildConfiguration;
			buildSettings = {
				ASSETCATALOG_COMPILER_APPICON_NAME = AppIcon;
				CODE_SIGN_IDENTITY = "iPhone Developer";
				"CODE_SIGN_IDENTITY[sdk=iphoneos*]" = "iPhone Developer";
				INFOPLIST_FILE = "zoo rescue/Info.plist";
				LD_RUNPATH_SEARCH_PATHS = "$(inherited) @executable_path/Frameworks";
				PRODUCT_BUNDLE_IDENTIFIER = "floorsix.zoo-rescue";
				PRODUCT_NAME = "$(TARGET_NAME)";
				PROVISIONING_PROFILE = "";
			};
			name = Release;
		};
/* End XCBuildConfiguration section */

/* Begin XCConfigurationList section */
		E0FA764D1FB1670600F6A313 /* Build configuration list for PBXProject "zoo rescue" */ = {
			isa = XCConfigurationList;
			buildConfigurations = (
				E0FA76671FB1670600F6A313 /* Debug */,
				E0FA76681FB1670600F6A313 /* Release */,
			);
			defaultConfigurationIsVisible = 0;
			defaultConfigurationName = Release;
		};
		E0FA76691FB1670600F6A313 /* Build configuration list for PBXNativeTarget "zoo rescue" */ = {
			isa = XCConfigurationList;
			buildConfigurations = (
				E0FA766A1FB1670600F6A313 /* Debug */,
				E0FA766B1FB1670600F6A313 /* Release */,
			);
			defaultConfigurationIsVisible = 0;
			defaultConfigurationName = Release;
		};
/* End XCConfigurationList section */
	};
	rootObject = E0FA764A1FB1670600F6A313 /* Project object */;
}
